# THIS IS AN AUTOGENERATED FILE. DO NOT EDIT THIS FILE DIRECTLY.
# yarn lockfile v1


tsconfig-vscode-base@^0.0.0:
  version "0.0.0"
  resolved "https://registry.yarnpkg.com/tsconfig-vscode-base/-/tsconfig-vscode-base-0.0.0.tgz#69e5eca333863e968e396ff324a0e40dda41eb0b"

typescript@^3.0.1:
  version "3.0.1"
  resolved "https://registry.yarnpkg.com/typescript/-/typescript-3.0.1.tgz#43738f29585d3a87575520a4b93ab6026ef11fdb"
